
Microsoft Visual Studio Solution File, Format Version 12.00
# Visual Studio 15
VisualStudioVersion = 15.0.28010.2050
MinimumVisualStudioVersion = 10.0.40219.1
Project("{FAE04EC0-301F-11D3-BF4B-00C04F79EFBC}") = "EXON.Common", "EXON.Common\EXON.Common.csproj", "{DF92320D-CD11-499B-8002-FF00B40F101A}"
EndProject
Project("{FAE04EC0-301F-11D3-BF4B-00C04F79EFBC}") = "EXONSYSTEM", "EXONSYSTEM -Main\EXONSYSTEM\EXONSYSTEM.csproj", "{5F79A210-13B2-4F16-815B-5A6A4283218E}"
EndProject
Project("{FAE04EC0-301F-11D3-BF4B-00C04F79EFBC}") = "BUS", "EXONSYSTEM -Main\BUS\BUS.csproj", "{E9B76111-F80A-4C0E-AD36-757C701DBC09}"
EndProject
Project("{FAE04EC0-301F-11D3-BF4B-00C04F79EFBC}") = "DAO", "EXONSYSTEM -Main\DAO\DAO.csproj", "{5FCB9D99-7DA1-453F-AFFC-D14989B35C9E}"
EndProject
Project("{FAE04EC0-301F-11D3-BF4B-00C04F79EFBC}") = "EXON.ForRegister", "EXON.ForRegister\EXON.ForRegister.csproj", "{907A0E0E-53CD-4F53-BC2A-4E46B7467CD6}"
EndProject
Project("{54435603-DBB4-11D2-8724-00A0C9A8B90C}") = "ExamOnline", "ExamOnline\ExamOnline.vdproj", "{CA947A1E-0948-45E7-9871-A52D126CA7B4}"
EndProject
Project("{FAE04EC0-301F-11D3-BF4B-00C04F79EFBC}") = "DoAgentSetStatusComputer", "DoAgentSetStatusComputer\DoAgentSetStatusComputer.csproj", "{D41DBFE0-0BC9-4014-BB3F-FDDEB7471212}"
EndProject
Project("{FAE04EC0-301F-11D3-BF4B-00C04F79EFBC}") = "UserHelper", "UserHelper\UserHelper.csproj", "{EA20B7C6-23B7-4415-9E09-FA254FB4A5A4}"
EndProject
Project("{FAE04EC0-301F-11D3-BF4B-00C04F79EFBC}") = "CHECKDB", "CHECKDB\CHECKDB.csproj", "{A343F9BB-558D-46BB-B69F-2D7366013982}"
EndProject
Project("{FAE04EC0-301F-11D3-BF4B-00C04F79EFBC}") = "WMPLib", "WMPLib\WMPLib.csproj", "{7EE78B3E-6FBE-4617-9B9A-F17766E49E4F}"
EndProject
Global
	GlobalSection(SolutionConfigurationPlatforms) = preSolution
		ASYNC|Any CPU = ASYNC|Any CPU
		ASYNC|x64 = ASYNC|x64
		ASYNC|x86 = ASYNC|x86
		CD_ROM|Any CPU = CD_ROM|Any CPU
		CD_ROM|x64 = CD_ROM|x64
		CD_ROM|x86 = CD_ROM|x86
		Debug|Any CPU = Debug|Any CPU
		Debug|x64 = Debug|x64
		Debug|x86 = Debug|x86
		DVD-5|Any CPU = DVD-5|Any CPU
		DVD-5|x64 = DVD-5|x64
		DVD-5|x86 = DVD-5|x86
		GOLD|Any CPU = GOLD|Any CPU
		GOLD|x64 = GOLD|x64
		GOLD|x86 = GOLD|x86
		Release|Any CPU = Release|Any CPU
		Release|x64 = Release|x64
		Release|x86 = Release|x86
		SingleImage|Any CPU = SingleImage|Any CPU
		SingleImage|x64 = SingleImage|x64
		SingleImage|x86 = SingleImage|x86
		STD_IMAGE|Any CPU = STD_IMAGE|Any CPU
		STD_IMAGE|x64 = STD_IMAGE|x64
		STD_IMAGE|x86 = STD_IMAGE|x86
		TRAIL_ASYNC|Any CPU = TRAIL_ASYNC|Any CPU
		TRAIL_ASYNC|x64 = TRAIL_ASYNC|x64
		TRAIL_ASYNC|x86 = TRAIL_ASYNC|x86
		TRAIL|Any CPU = TRAIL|Any CPU
		TRAIL|x64 = TRAIL|x64
		TRAIL|x86 = TRAIL|x86
	EndGlobalSection
	GlobalSection(ProjectConfigurationPlatforms) = postSolution
		{DF92320D-CD11-499B-8002-FF00B40F101A}.ASYNC|Any CPU.ActiveCfg = Release|Any CPU
		{DF92320D-CD11-499B-8002-FF00B40F101A}.ASYNC|Any CPU.Build.0 = Release|Any CPU
		{DF92320D-CD11-499B-8002-FF00B40F101A}.ASYNC|x64.ActiveCfg = Release|Any CPU
		{DF92320D-CD11-499B-8002-FF00B40F101A}.ASYNC|x64.Build.0 = Release|Any CPU
		{DF92320D-CD11-499B-8002-FF00B40F101A}.ASYNC|x86.ActiveCfg = Release|Any CPU
		{DF92320D-CD11-499B-8002-FF00B40F101A}.ASYNC|x86.Build.0 = Release|Any CPU
		{DF92320D-CD11-499B-8002-FF00B40F101A}.CD_ROM|Any CPU.ActiveCfg = Debug|Any CPU
		{DF92320D-CD11-499B-8002-FF00B40F101A}.CD_ROM|Any CPU.Build.0 = Debug|Any CPU
		{DF92320D-CD11-499B-8002-FF00B40F101A}.CD_ROM|x64.ActiveCfg = Debug|Any CPU
		{DF92320D-CD11-499B-8002-FF00B40F101A}.CD_ROM|x64.Build.0 = Debug|Any CPU
		{DF92320D-CD11-499B-8002-FF00B40F101A}.CD_ROM|x86.ActiveCfg = Debug|Any CPU
		{DF92320D-CD11-499B-8002-FF00B40F101A}.CD_ROM|x86.Build.0 = Debug|Any CPU
		{DF92320D-CD11-499B-8002-FF00B40F101A}.Debug|Any CPU.ActiveCfg = Debug|Any CPU
		{DF92320D-CD11-499B-8002-FF00B40F101A}.Debug|Any CPU.Build.0 = Debug|Any CPU
		{DF92320D-CD11-499B-8002-FF00B40F101A}.Debug|x64.ActiveCfg = Debug|Any CPU
		{DF92320D-CD11-499B-8002-FF00B40F101A}.Debug|x64.Build.0 = Debug|Any CPU
		{DF92320D-CD11-499B-8002-FF00B40F101A}.Debug|x86.ActiveCfg = Debug|Any CPU
		{DF92320D-CD11-499B-8002-FF00B40F101A}.Debug|x86.Build.0 = Debug|Any CPU
		{DF92320D-CD11-499B-8002-FF00B40F101A}.DVD-5|Any CPU.ActiveCfg = Debug|Any CPU
		{DF92320D-CD11-499B-8002-FF00B40F101A}.DVD-5|Any CPU.Build.0 = Debug|Any CPU
		{DF92320D-CD11-499B-8002-FF00B40F101A}.DVD-5|x64.ActiveCfg = Debug|Any CPU
		{DF92320D-CD11-499B-8002-FF00B40F101A}.DVD-5|x64.Build.0 = Debug|Any CPU
		{DF92320D-CD11-499B-8002-FF00B40F101A}.DVD-5|x86.ActiveCfg = Debug|Any CPU
		{DF92320D-CD11-499B-8002-FF00B40F101A}.DVD-5|x86.Build.0 = Debug|Any CPU
		{DF92320D-CD11-499B-8002-FF00B40F101A}.GOLD|Any CPU.ActiveCfg = Release|Any CPU
		{DF92320D-CD11-499B-8002-FF00B40F101A}.GOLD|Any CPU.Build.0 = Release|Any CPU
		{DF92320D-CD11-499B-8002-FF00B40F101A}.GOLD|x64.ActiveCfg = Release|Any CPU
		{DF92320D-CD11-499B-8002-FF00B40F101A}.GOLD|x64.Build.0 = Release|Any CPU
		{DF92320D-CD11-499B-8002-FF00B40F101A}.GOLD|x86.ActiveCfg = Release|Any CPU
		{DF92320D-CD11-499B-8002-FF00B40F101A}.GOLD|x86.Build.0 = Release|Any CPU
		{DF92320D-CD11-499B-8002-FF00B40F101A}.Release|Any CPU.ActiveCfg = Release|Any CPU
		{DF92320D-CD11-499B-8002-FF00B40F101A}.Release|Any CPU.Build.0 = Release|Any CPU
		{DF92320D-CD11-499B-8002-FF00B40F101A}.Release|x64.ActiveCfg = Release|Any CPU
		{DF92320D-CD11-499B-8002-FF00B40F101A}.Release|x64.Build.0 = Release|Any CPU
		{DF92320D-CD11-499B-8002-FF00B40F101A}.Release|x86.ActiveCfg = Release|Any CPU
		{DF92320D-CD11-499B-8002-FF00B40F101A}.Release|x86.Build.0 = Release|Any CPU
		{DF92320D-CD11-499B-8002-FF00B40F101A}.SingleImage|Any CPU.ActiveCfg = Debug|Any CPU
		{DF92320D-CD11-499B-8002-FF00B40F101A}.SingleImage|Any CPU.Build.0 = Debug|Any CPU
		{DF92320D-CD11-499B-8002-FF00B40F101A}.SingleImage|x64.ActiveCfg = Debug|Any CPU
		{DF92320D-CD11-499B-8002-FF00B40F101A}.SingleImage|x64.Build.0 = Debug|Any CPU
		{DF92320D-CD11-499B-8002-FF00B40F101A}.SingleImage|x86.ActiveCfg = Debug|Any CPU
		{DF92320D-CD11-499B-8002-FF00B40F101A}.SingleImage|x86.Build.0 = Debug|Any CPU
		{DF92320D-CD11-499B-8002-FF00B40F101A}.STD_IMAGE|Any CPU.ActiveCfg = Release|Any CPU
		{DF92320D-CD11-499B-8002-FF00B40F101A}.STD_IMAGE|Any CPU.Build.0 = Release|Any CPU
		{DF92320D-CD11-499B-8002-FF00B40F101A}.STD_IMAGE|x64.ActiveCfg = Release|Any CPU
		{DF92320D-CD11-499B-8002-FF00B40F101A}.STD_IMAGE|x64.Build.0 = Release|Any CPU
		{DF92320D-CD11-499B-8002-FF00B40F101A}.STD_IMAGE|x86.ActiveCfg = Release|Any CPU
		{DF92320D-CD11-499B-8002-FF00B40F101A}.STD_IMAGE|x86.Build.0 = Release|Any CPU
		{DF92320D-CD11-499B-8002-FF00B40F101A}.TRAIL_ASYNC|Any CPU.ActiveCfg = Release|Any CPU
		{DF92320D-CD11-499B-8002-FF00B40F101A}.TRAIL_ASYNC|Any CPU.Build.0 = Release|Any CPU
		{DF92320D-CD11-499B-8002-FF00B40F101A}.TRAIL_ASYNC|x64.ActiveCfg = Release|Any CPU
		{DF92320D-CD11-499B-8002-FF00B40F101A}.TRAIL_ASYNC|x64.Build.0 = Release|Any CPU
		{DF92320D-CD11-499B-8002-FF00B40F101A}.TRAIL_ASYNC|x86.ActiveCfg = Release|Any CPU
		{DF92320D-CD11-499B-8002-FF00B40F101A}.TRAIL_ASYNC|x86.Build.0 = Release|Any CPU
		{DF92320D-CD11-499B-8002-FF00B40F101A}.TRAIL|Any CPU.ActiveCfg = Release|Any CPU
		{DF92320D-CD11-499B-8002-FF00B40F101A}.TRAIL|Any CPU.Build.0 = Release|Any CPU
		{DF92320D-CD11-499B-8002-FF00B40F101A}.TRAIL|x64.ActiveCfg = Release|Any CPU
		{DF92320D-CD11-499B-8002-FF00B40F101A}.TRAIL|x64.Build.0 = Release|Any CPU
		{DF92320D-CD11-499B-8002-FF00B40F101A}.TRAIL|x86.ActiveCfg = Release|Any CPU
		{DF92320D-CD11-499B-8002-FF00B40F101A}.TRAIL|x86.Build.0 = Release|Any CPU
		{5F79A210-13B2-4F16-815B-5A6A4283218E}.ASYNC|Any CPU.ActiveCfg = Release|Any CPU
		{5F79A210-13B2-4F16-815B-5A6A4283218E}.ASYNC|Any CPU.Build.0 = Release|Any CPU
		{5F79A210-13B2-4F16-815B-5A6A4283218E}.ASYNC|x64.ActiveCfg = Release|Any CPU
		{5F79A210-13B2-4F16-815B-5A6A4283218E}.ASYNC|x64.Build.0 = Release|Any CPU
		{5F79A210-13B2-4F16-815B-5A6A4283218E}.ASYNC|x86.ActiveCfg = Release|Any CPU
		{5F79A210-13B2-4F16-815B-5A6A4283218E}.ASYNC|x86.Build.0 = Release|Any CPU
		{5F79A210-13B2-4F16-815B-5A6A4283218E}.CD_ROM|Any CPU.ActiveCfg = Debug|Any CPU
		{5F79A210-13B2-4F16-815B-5A6A4283218E}.CD_ROM|Any CPU.Build.0 = Debug|Any CPU
		{5F79A210-13B2-4F16-815B-5A6A4283218E}.CD_ROM|x64.ActiveCfg = Debug|Any CPU
		{5F79A210-13B2-4F16-815B-5A6A4283218E}.CD_ROM|x64.Build.0 = Debug|Any CPU
		{5F79A210-13B2-4F16-815B-5A6A4283218E}.CD_ROM|x86.ActiveCfg = Debug|Any CPU
		{5F79A210-13B2-4F16-815B-5A6A4283218E}.CD_ROM|x86.Build.0 = Debug|Any CPU
		{5F79A210-13B2-4F16-815B-5A6A4283218E}.Debug|Any CPU.ActiveCfg = Debug|Any CPU
		{5F79A210-13B2-4F16-815B-5A6A4283218E}.Debug|Any CPU.Build.0 = Debug|Any CPU
		{5F79A210-13B2-4F16-815B-5A6A4283218E}.Debug|x64.ActiveCfg = Debug|Any CPU
		{5F79A210-13B2-4F16-815B-5A6A4283218E}.Debug|x64.Build.0 = Debug|Any CPU
		{5F79A210-13B2-4F16-815B-5A6A4283218E}.Debug|x86.ActiveCfg = Debug|Any CPU
		{5F79A210-13B2-4F16-815B-5A6A4283218E}.Debug|x86.Build.0 = Debug|Any CPU
		{5F79A210-13B2-4F16-815B-5A6A4283218E}.DVD-5|Any CPU.ActiveCfg = Debug|Any CPU
		{5F79A210-13B2-4F16-815B-5A6A4283218E}.DVD-5|Any CPU.Build.0 = Debug|Any CPU
		{5F79A210-13B2-4F16-815B-5A6A4283218E}.DVD-5|x64.ActiveCfg = Debug|Any CPU
		{5F79A210-13B2-4F16-815B-5A6A4283218E}.DVD-5|x64.Build.0 = Debug|Any CPU
		{5F79A210-13B2-4F16-815B-5A6A4283218E}.DVD-5|x86.ActiveCfg = Debug|Any CPU
		{5F79A210-13B2-4F16-815B-5A6A4283218E}.DVD-5|x86.Build.0 = Debug|Any CPU
		{5F79A210-13B2-4F16-815B-5A6A4283218E}.GOLD|Any CPU.ActiveCfg = Release|Any CPU
		{5F79A210-13B2-4F16-815B-5A6A4283218E}.GOLD|Any CPU.Build.0 = Release|Any CPU
		{5F79A210-13B2-4F16-815B-5A6A4283218E}.GOLD|x64.ActiveCfg = Release|Any CPU
		{5F79A210-13B2-4F16-815B-5A6A4283218E}.GOLD|x64.Build.0 = Release|Any CPU
		{5F79A210-13B2-4F16-815B-5A6A4283218E}.GOLD|x86.ActiveCfg = Release|Any CPU
		{5F79A210-13B2-4F16-815B-5A6A4283218E}.GOLD|x86.Build.0 = Release|Any CPU
		{5F79A210-13B2-4F16-815B-5A6A4283218E}.Release|Any CPU.ActiveCfg = Release|Any CPU
		{5F79A210-13B2-4F16-815B-5A6A4283218E}.Release|Any CPU.Build.0 = Release|Any CPU
		{5F79A210-13B2-4F16-815B-5A6A4283218E}.Release|x64.ActiveCfg = Release|Any CPU
		{5F79A210-13B2-4F16-815B-5A6A4283218E}.Release|x64.Build.0 = Release|Any CPU
		{5F79A210-13B2-4F16-815B-5A6A4283218E}.Release|x86.ActiveCfg = Release|Any CPU
		{5F79A210-13B2-4F16-815B-5A6A4283218E}.Release|x86.Build.0 = Release|Any CPU
		{5F79A210-13B2-4F16-815B-5A6A4283218E}.SingleImage|Any CPU.ActiveCfg = Debug|Any CPU
		{5F79A210-13B2-4F16-815B-5A6A4283218E}.SingleImage|Any CPU.Build.0 = Debug|Any CPU
		{5F79A210-13B2-4F16-815B-5A6A4283218E}.SingleImage|x64.ActiveCfg = Debug|Any CPU
		{5F79A210-13B2-4F16-815B-5A6A4283218E}.SingleImage|x64.Build.0 = Debug|Any CPU
		{5F79A210-13B2-4F16-815B-5A6A4283218E}.SingleImage|x86.ActiveCfg = Debug|Any CPU
		{5F79A210-13B2-4F16-815B-5A6A4283218E}.SingleImage|x86.Build.0 = Debug|Any CPU
		{5F79A210-13B2-4F16-815B-5A6A4283218E}.STD_IMAGE|Any CPU.ActiveCfg = Release|Any CPU
		{5F79A210-13B2-4F16-815B-5A6A4283218E}.STD_IMAGE|Any CPU.Build.0 = Release|Any CPU
		{5F79A210-13B2-4F16-815B-5A6A4283218E}.STD_IMAGE|x64.ActiveCfg = Release|Any CPU
		{5F79A210-13B2-4F16-815B-5A6A4283218E}.STD_IMAGE|x64.Build.0 = Release|Any CPU
		{5F79A210-13B2-4F16-815B-5A6A4283218E}.STD_IMAGE|x86.ActiveCfg = Release|Any CPU
		{5F79A210-13B2-4F16-815B-5A6A4283218E}.STD_IMAGE|x86.Build.0 = Release|Any CPU
		{5F79A210-13B2-4F16-815B-5A6A4283218E}.TRAIL_ASYNC|Any CPU.ActiveCfg = Release|Any CPU
		{5F79A210-13B2-4F16-815B-5A6A4283218E}.TRAIL_ASYNC|Any CPU.Build.0 = Release|Any CPU
		{5F79A210-13B2-4F16-815B-5A6A4283218E}.TRAIL_ASYNC|x64.ActiveCfg = Release|Any CPU
		{5F79A210-13B2-4F16-815B-5A6A4283218E}.TRAIL_ASYNC|x64.Build.0 = Release|Any CPU
		{5F79A210-13B2-4F16-815B-5A6A4283218E}.TRAIL_ASYNC|x86.ActiveCfg = Release|Any CPU
		{5F79A210-13B2-4F16-815B-5A6A4283218E}.TRAIL_ASYNC|x86.Build.0 = Release|Any CPU
		{5F79A210-13B2-4F16-815B-5A6A4283218E}.TRAIL|Any CPU.ActiveCfg = Release|Any CPU
		{5F79A210-13B2-4F16-815B-5A6A4283218E}.TRAIL|Any CPU.Build.0 = Release|Any CPU
		{5F79A210-13B2-4F16-815B-5A6A4283218E}.TRAIL|x64.ActiveCfg = Release|Any CPU
		{5F79A210-13B2-4F16-815B-5A6A4283218E}.TRAIL|x64.Build.0 = Release|Any CPU
		{5F79A210-13B2-4F16-815B-5A6A4283218E}.TRAIL|x86.ActiveCfg = Release|Any CPU
		{5F79A210-13B2-4F16-815B-5A6A4283218E}.TRAIL|x86.Build.0 = Release|Any CPU
		{E9B76111-F80A-4C0E-AD36-757C701DBC09}.ASYNC|Any CPU.ActiveCfg = Release|Any CPU
		{E9B76111-F80A-4C0E-AD36-757C701DBC09}.ASYNC|Any CPU.Build.0 = Release|Any CPU
		{E9B76111-F80A-4C0E-AD36-757C701DBC09}.ASYNC|x64.ActiveCfg = Release|Any CPU
		{E9B76111-F80A-4C0E-AD36-757C701DBC09}.ASYNC|x64.Build.0 = Release|Any CPU
		{E9B76111-F80A-4C0E-AD36-757C701DBC09}.ASYNC|x86.ActiveCfg = Release|Any CPU
		{E9B76111-F80A-4C0E-AD36-757C701DBC09}.ASYNC|x86.Build.0 = Release|Any CPU
		{E9B76111-F80A-4C0E-AD36-757C701DBC09}.CD_ROM|Any CPU.ActiveCfg = Debug|Any CPU
		{E9B76111-F80A-4C0E-AD36-757C701DBC09}.CD_ROM|Any CPU.Build.0 = Debug|Any CPU
		{E9B76111-F80A-4C0E-AD36-757C701DBC09}.CD_ROM|x64.ActiveCfg = Debug|Any CPU
		{E9B76111-F80A-4C0E-AD36-757C701DBC09}.CD_ROM|x64.Build.0 = Debug|Any CPU
		{E9B76111-F80A-4C0E-AD36-757C701DBC09}.CD_ROM|x86.ActiveCfg = Debug|Any CPU
		{E9B76111-F80A-4C0E-AD36-757C701DBC09}.CD_ROM|x86.Build.0 = Debug|Any CPU
		{E9B76111-F80A-4C0E-AD36-757C701DBC09}.Debug|Any CPU.ActiveCfg = Debug|Any CPU
		{E9B76111-F80A-4C0E-AD36-757C701DBC09}.Debug|Any CPU.Build.0 = Debug|Any CPU
		{E9B76111-F80A-4C0E-AD36-757C701DBC09}.Debug|x64.ActiveCfg = Debug|Any CPU
		{E9B76111-F80A-4C0E-AD36-757C701DBC09}.Debug|x64.Build.0 = Debug|Any CPU
		{E9B76111-F80A-4C0E-AD36-757C701DBC09}.Debug|x86.ActiveCfg = Debug|Any CPU
		{E9B76111-F80A-4C0E-AD36-757C701DBC09}.Debug|x86.Build.0 = Debug|Any CPU
		{E9B76111-F80A-4C0E-AD36-757C701DBC09}.DVD-5|Any CPU.ActiveCfg = Debug|Any CPU
		{E9B76111-F80A-4C0E-AD36-757C701DBC09}.DVD-5|Any CPU.Build.0 = Debug|Any CPU
		{E9B76111-F80A-4C0E-AD36-757C701DBC09}.DVD-5|x64.ActiveCfg = Debug|Any CPU
		{E9B76111-F80A-4C0E-AD36-757C701DBC09}.DVD-5|x64.Build.0 = Debug|Any CPU
		{E9B76111-F80A-4C0E-AD36-757C701DBC09}.DVD-5|x86.ActiveCfg = Debug|Any CPU
		{E9B76111-F80A-4C0E-AD36-757C701DBC09}.DVD-5|x86.Build.0 = Debug|Any CPU
		{E9B76111-F80A-4C0E-AD36-757C701DBC09}.GOLD|Any CPU.ActiveCfg = Release|Any CPU
		{E9B76111-F80A-4C0E-AD36-757C701DBC09}.GOLD|Any CPU.Build.0 = Release|Any CPU
		{E9B76111-F80A-4C0E-AD36-757C701DBC09}.GOLD|x64.ActiveCfg = Release|Any CPU
		{E9B76111-F80A-4C0E-AD36-757C701DBC09}.GOLD|x64.Build.0 = Release|Any CPU
		{E9B76111-F80A-4C0E-AD36-757C701DBC09}.GOLD|x86.ActiveCfg = Release|Any CPU
		{E9B76111-F80A-4C0E-AD36-757C701DBC09}.GOLD|x86.Build.0 = Release|Any CPU
		{E9B76111-F80A-4C0E-AD36-757C701DBC09}.Release|Any CPU.ActiveCfg = Release|Any CPU
		{E9B76111-F80A-4C0E-AD36-757C701DBC09}.Release|Any CPU.Build.0 = Release|Any CPU
		{E9B76111-F80A-4C0E-AD36-757C701DBC09}.Release|x64.ActiveCfg = Release|Any CPU
		{E9B76111-F80A-4C0E-AD36-757C701DBC09}.Release|x64.Build.0 = Release|Any CPU
		{E9B76111-F80A-4C0E-AD36-757C701DBC09}.Release|x86.ActiveCfg = Release|Any CPU
		{E9B76111-F80A-4C0E-AD36-757C701DBC09}.Release|x86.Build.0 = Release|Any CPU
		{E9B76111-F80A-4C0E-AD36-757C701DBC09}.SingleImage|Any CPU.ActiveCfg = Debug|Any CPU
		{E9B76111-F80A-4C0E-AD36-757C701DBC09}.SingleImage|Any CPU.Build.0 = Debug|Any CPU
		{E9B76111-F80A-4C0E-AD36-757C701DBC09}.SingleImage|x64.ActiveCfg = Debug|Any CPU
		{E9B76111-F80A-4C0E-AD36-757C701DBC09}.SingleImage|x64.Build.0 = Debug|Any CPU
		{E9B76111-F80A-4C0E-AD36-757C701DBC09}.SingleImage|x86.ActiveCfg = Debug|Any CPU
		{E9B76111-F80A-4C0E-AD36-757C701DBC09}.SingleImage|x86.Build.0 = Debug|Any CPU
		{E9B76111-F80A-4C0E-AD36-757C701DBC09}.STD_IMAGE|Any CPU.ActiveCfg = Release|Any CPU
		{E9B76111-F80A-4C0E-AD36-757C701DBC09}.STD_IMAGE|Any CPU.Build.0 = Release|Any CPU
		{E9B76111-F80A-4C0E-AD36-757C701DBC09}.STD_IMAGE|x64.ActiveCfg = Release|Any CPU
		{E9B76111-F80A-4C0E-AD36-757C701DBC09}.STD_IMAGE|x64.Build.0 = Release|Any CPU
		{E9B76111-F80A-4C0E-AD36-757C701DBC09}.STD_IMAGE|x86.ActiveCfg = Release|Any CPU
		{E9B76111-F80A-4C0E-AD36-757C701DBC09}.STD_IMAGE|x86.Build.0 = Release|Any CPU
		{E9B76111-F80A-4C0E-AD36-757C701DBC09}.TRAIL_ASYNC|Any CPU.ActiveCfg = Release|Any CPU
		{E9B76111-F80A-4C0E-AD36-757C701DBC09}.TRAIL_ASYNC|Any CPU.Build.0 = Release|Any CPU
		{E9B76111-F80A-4C0E-AD36-757C701DBC09}.TRAIL_ASYNC|x64.ActiveCfg = Release|Any CPU
		{E9B76111-F80A-4C0E-AD36-757C701DBC09}.TRAIL_ASYNC|x64.Build.0 = Release|Any CPU
		{E9B76111-F80A-4C0E-AD36-757C701DBC09}.TRAIL_ASYNC|x86.ActiveCfg = Release|Any CPU
		{E9B76111-F80A-4C0E-AD36-757C701DBC09}.TRAIL_ASYNC|x86.Build.0 = Release|Any CPU
		{E9B76111-F80A-4C0E-AD36-757C701DBC09}.TRAIL|Any CPU.ActiveCfg = Release|Any CPU
		{E9B76111-F80A-4C0E-AD36-757C701DBC09}.TRAIL|Any CPU.Build.0 = Release|Any CPU
		{E9B76111-F80A-4C0E-AD36-757C701DBC09}.TRAIL|x64.ActiveCfg = Release|Any CPU
		{E9B76111-F80A-4C0E-AD36-757C701DBC09}.TRAIL|x64.Build.0 = Release|Any CPU
		{E9B76111-F80A-4C0E-AD36-757C701DBC09}.TRAIL|x86.ActiveCfg = Release|Any CPU
		{E9B76111-F80A-4C0E-AD36-757C701DBC09}.TRAIL|x86.Build.0 = Release|Any CPU
		{5FCB9D99-7DA1-453F-AFFC-D14989B35C9E}.ASYNC|Any CPU.ActiveCfg = Release|Any CPU
		{5FCB9D99-7DA1-453F-AFFC-D14989B35C9E}.ASYNC|Any CPU.Build.0 = Release|Any CPU
		{5FCB9D99-7DA1-453F-AFFC-D14989B35C9E}.ASYNC|x64.ActiveCfg = Release|Any CPU
		{5FCB9D99-7DA1-453F-AFFC-D14989B35C9E}.ASYNC|x64.Build.0 = Release|Any CPU
		{5FCB9D99-7DA1-453F-AFFC-D14989B35C9E}.ASYNC|x86.ActiveCfg = Release|Any CPU
		{5FCB9D99-7DA1-453F-AFFC-D14989B35C9E}.ASYNC|x86.Build.0 = Release|Any CPU
		{5FCB9D99-7DA1-453F-AFFC-D14989B35C9E}.CD_ROM|Any CPU.ActiveCfg = Debug|Any CPU
		{5FCB9D99-7DA1-453F-AFFC-D14989B35C9E}.CD_ROM|Any CPU.Build.0 = Debug|Any CPU
		{5FCB9D99-7DA1-453F-AFFC-D14989B35C9E}.CD_ROM|x64.ActiveCfg = Debug|Any CPU
		{5FCB9D99-7DA1-453F-AFFC-D14989B35C9E}.CD_ROM|x64.Build.0 = Debug|Any CPU
		{5FCB9D99-7DA1-453F-AFFC-D14989B35C9E}.CD_ROM|x86.ActiveCfg = Debug|Any CPU
		{5FCB9D99-7DA1-453F-AFFC-D14989B35C9E}.CD_ROM|x86.Build.0 = Debug|Any CPU
		{5FCB9D99-7DA1-453F-AFFC-D14989B35C9E}.Debug|Any CPU.ActiveCfg = Debug|Any CPU
		{5FCB9D99-7DA1-453F-AFFC-D14989B35C9E}.Debug|Any CPU.Build.0 = Debug|Any CPU
		{5FCB9D99-7DA1-453F-AFFC-D14989B35C9E}.Debug|x64.ActiveCfg = Debug|Any CPU
		{5FCB9D99-7DA1-453F-AFFC-D14989B35C9E}.Debug|x64.Build.0 = Debug|Any CPU
		{5FCB9D99-7DA1-453F-AFFC-D14989B35C9E}.Debug|x86.ActiveCfg = Debug|Any CPU
		{5FCB9D99-7DA1-453F-AFFC-D14989B35C9E}.Debug|x86.Build.0 = Debug|Any CPU
		{5FCB9D99-7DA1-453F-AFFC-D14989B35C9E}.DVD-5|Any CPU.ActiveCfg = Debug|Any CPU
		{5FCB9D99-7DA1-453F-AFFC-D14989B35C9E}.DVD-5|Any CPU.Build.0 = Debug|Any CPU
		{5FCB9D99-7DA1-453F-AFFC-D14989B35C9E}.DVD-5|x64.ActiveCfg = Debug|Any CPU
		{5FCB9D99-7DA1-453F-AFFC-D14989B35C9E}.DVD-5|x64.Build.0 = Debug|Any CPU
		{5FCB9D99-7DA1-453F-AFFC-D14989B35C9E}.DVD-5|x86.ActiveCfg = Debug|Any CPU
		{5FCB9D99-7DA1-453F-AFFC-D14989B35C9E}.DVD-5|x86.Build.0 = Debug|Any CPU
		{5FCB9D99-7DA1-453F-AFFC-D14989B35C9E}.GOLD|Any CPU.ActiveCfg = Release|Any CPU
		{5FCB9D99-7DA1-453F-AFFC-D14989B35C9E}.GOLD|Any CPU.Build.0 = Release|Any CPU
		{5FCB9D99-7DA1-453F-AFFC-D14989B35C9E}.GOLD|x64.ActiveCfg = Release|Any CPU
		{5FCB9D99-7DA1-453F-AFFC-D14989B35C9E}.GOLD|x64.Build.0 = Release|Any CPU
		{5FCB9D99-7DA1-453F-AFFC-D14989B35C9E}.GOLD|x86.ActiveCfg = Release|Any CPU
		{5FCB9D99-7DA1-453F-AFFC-D14989B35C9E}.GOLD|x86.Build.0 = Release|Any CPU
		{5FCB9D99-7DA1-453F-AFFC-D14989B35C9E}.Release|Any CPU.ActiveCfg = Release|Any CPU
		{5FCB9D99-7DA1-453F-AFFC-D14989B35C9E}.Release|Any CPU.Build.0 = Release|Any CPU
		{5FCB9D99-7DA1-453F-AFFC-D14989B35C9E}.Release|x64.ActiveCfg = Release|Any CPU
		{5FCB9D99-7DA1-453F-AFFC-D14989B35C9E}.Release|x64.Build.0 = Release|Any CPU
		{5FCB9D99-7DA1-453F-AFFC-D14989B35C9E}.Release|x86.ActiveCfg = Release|Any CPU
		{5FCB9D99-7DA1-453F-AFFC-D14989B35C9E}.Release|x86.Build.0 = Release|Any CPU
		{5FCB9D99-7DA1-453F-AFFC-D14989B35C9E}.SingleImage|Any CPU.ActiveCfg = Debug|Any CPU
		{5FCB9D99-7DA1-453F-AFFC-D14989B35C9E}.SingleImage|Any CPU.Build.0 = Debug|Any CPU
		{5FCB9D99-7DA1-453F-AFFC-D14989B35C9E}.SingleImage|x64.ActiveCfg = Debug|Any CPU
		{5FCB9D99-7DA1-453F-AFFC-D14989B35C9E}.SingleImage|x64.Build.0 = Debug|Any CPU
		{5FCB9D99-7DA1-453F-AFFC-D14989B35C9E}.SingleImage|x86.ActiveCfg = Debug|Any CPU
		{5FCB9D99-7DA1-453F-AFFC-D14989B35C9E}.SingleImage|x86.Build.0 = Debug|Any CPU
		{5FCB9D99-7DA1-453F-AFFC-D14989B35C9E}.STD_IMAGE|Any CPU.ActiveCfg = Release|Any CPU
		{5FCB9D99-7DA1-453F-AFFC-D14989B35C9E}.STD_IMAGE|Any CPU.Build.0 = Release|Any CPU
		{5FCB9D99-7DA1-453F-AFFC-D14989B35C9E}.STD_IMAGE|x64.ActiveCfg = Release|Any CPU
		{5FCB9D99-7DA1-453F-AFFC-D14989B35C9E}.STD_IMAGE|x64.Build.0 = Release|Any CPU
		{5FCB9D99-7DA1-453F-AFFC-D14989B35C9E}.STD_IMAGE|x86.ActiveCfg = Release|Any CPU
		{5FCB9D99-7DA1-453F-AFFC-D14989B35C9E}.STD_IMAGE|x86.Build.0 = Release|Any CPU
		{5FCB9D99-7DA1-453F-AFFC-D14989B35C9E}.TRAIL_ASYNC|Any CPU.ActiveCfg = Release|Any CPU
		{5FCB9D99-7DA1-453F-AFFC-D14989B35C9E}.TRAIL_ASYNC|Any CPU.Build.0 = Release|Any CPU
		{5FCB9D99-7DA1-453F-AFFC-D14989B35C9E}.TRAIL_ASYNC|x64.ActiveCfg = Release|Any CPU
		{5FCB9D99-7DA1-453F-AFFC-D14989B35C9E}.TRAIL_ASYNC|x64.Build.0 = Release|Any CPU
		{5FCB9D99-7DA1-453F-AFFC-D14989B35C9E}.TRAIL_ASYNC|x86.ActiveCfg = Release|Any CPU
		{5FCB9D99-7DA1-453F-AFFC-D14989B35C9E}.TRAIL_ASYNC|x86.Build.0 = Release|Any CPU
		{5FCB9D99-7DA1-453F-AFFC-D14989B35C9E}.TRAIL|Any CPU.ActiveCfg = Release|Any CPU
		{5FCB9D99-7DA1-453F-AFFC-D14989B35C9E}.TRAIL|Any CPU.Build.0 = Release|Any CPU
		{5FCB9D99-7DA1-453F-AFFC-D14989B35C9E}.TRAIL|x64.ActiveCfg = Release|Any CPU
		{5FCB9D99-7DA1-453F-AFFC-D14989B35C9E}.TRAIL|x64.Build.0 = Release|Any CPU
		{5FCB9D99-7DA1-453F-AFFC-D14989B35C9E}.TRAIL|x86.ActiveCfg = Release|Any CPU
		{5FCB9D99-7DA1-453F-AFFC-D14989B35C9E}.TRAIL|x86.Build.0 = Release|Any CPU
		{907A0E0E-53CD-4F53-BC2A-4E46B7467CD6}.ASYNC|Any CPU.ActiveCfg = Release|Any CPU
		{907A0E0E-53CD-4F53-BC2A-4E46B7467CD6}.ASYNC|Any CPU.Build.0 = Release|Any CPU
		{907A0E0E-53CD-4F53-BC2A-4E46B7467CD6}.ASYNC|x64.ActiveCfg = Release|Any CPU
		{907A0E0E-53CD-4F53-BC2A-4E46B7467CD6}.ASYNC|x64.Build.0 = Release|Any CPU
		{907A0E0E-53CD-4F53-BC2A-4E46B7467CD6}.ASYNC|x86.ActiveCfg = Release|Any CPU
		{907A0E0E-53CD-4F53-BC2A-4E46B7467CD6}.ASYNC|x86.Build.0 = Release|Any CPU
		{907A0E0E-53CD-4F53-BC2A-4E46B7467CD6}.CD_ROM|Any CPU.ActiveCfg = Debug|Any CPU
		{907A0E0E-53CD-4F53-BC2A-4E46B7467CD6}.CD_ROM|Any CPU.Build.0 = Debug|Any CPU
		{907A0E0E-53CD-4F53-BC2A-4E46B7467CD6}.CD_ROM|x64.ActiveCfg = Debug|Any CPU
		{907A0E0E-53CD-4F53-BC2A-4E46B7467CD6}.CD_ROM|x64.Build.0 = Debug|Any CPU
		{907A0E0E-53CD-4F53-BC2A-4E46B7467CD6}.CD_ROM|x86.ActiveCfg = Debug|Any CPU
		{907A0E0E-53CD-4F53-BC2A-4E46B7467CD6}.CD_ROM|x86.Build.0 = Debug|Any CPU
		{907A0E0E-53CD-4F53-BC2A-4E46B7467CD6}.Debug|Any CPU.ActiveCfg = Debug|Any CPU
		{907A0E0E-53CD-4F53-BC2A-4E46B7467CD6}.Debug|Any CPU.Build.0 = Debug|Any CPU
		{907A0E0E-53CD-4F53-BC2A-4E46B7467CD6}.Debug|x64.ActiveCfg = Debug|Any CPU
		{907A0E0E-53CD-4F53-BC2A-4E46B7467CD6}.Debug|x64.Build.0 = Debug|Any CPU
		{907A0E0E-53CD-4F53-BC2A-4E46B7467CD6}.Debug|x86.ActiveCfg = Debug|Any CPU
		{907A0E0E-53CD-4F53-BC2A-4E46B7467CD6}.Debug|x86.Build.0 = Debug|Any CPU
		{907A0E0E-53CD-4F53-BC2A-4E46B7467CD6}.DVD-5|Any CPU.ActiveCfg = Debug|Any CPU
		{907A0E0E-53CD-4F53-BC2A-4E46B7467CD6}.DVD-5|Any CPU.Build.0 = Debug|Any CPU
		{907A0E0E-53CD-4F53-BC2A-4E46B7467CD6}.DVD-5|x64.ActiveCfg = Debug|Any CPU
		{907A0E0E-53CD-4F53-BC2A-4E46B7467CD6}.DVD-5|x64.Build.0 = Debug|Any CPU
		{907A0E0E-53CD-4F53-BC2A-4E46B7467CD6}.DVD-5|x86.ActiveCfg = Debug|Any CPU
		{907A0E0E-53CD-4F53-BC2A-4E46B7467CD6}.DVD-5|x86.Build.0 = Debug|Any CPU
		{907A0E0E-53CD-4F53-BC2A-4E46B7467CD6}.GOLD|Any CPU.ActiveCfg = Release|Any CPU
		{907A0E0E-53CD-4F53-BC2A-4E46B7467CD6}.GOLD|Any CPU.Build.0 = Release|Any CPU
		{907A0E0E-53CD-4F53-BC2A-4E46B7467CD6}.GOLD|x64.ActiveCfg = Release|Any CPU
		{907A0E0E-53CD-4F53-BC2A-4E46B7467CD6}.GOLD|x64.Build.0 = Release|Any CPU
		{907A0E0E-53CD-4F53-BC2A-4E46B7467CD6}.GOLD|x86.ActiveCfg = Release|Any CPU
		{907A0E0E-53CD-4F53-BC2A-4E46B7467CD6}.GOLD|x86.Build.0 = Release|Any CPU
		{907A0E0E-53CD-4F53-BC2A-4E46B7467CD6}.Release|Any CPU.ActiveCfg = Release|Any CPU
		{907A0E0E-53CD-4F53-BC2A-4E46B7467CD6}.Release|Any CPU.Build.0 = Release|Any CPU
		{907A0E0E-53CD-4F53-BC2A-4E46B7467CD6}.Release|x64.ActiveCfg = Release|Any CPU
		{907A0E0E-53CD-4F53-BC2A-4E46B7467CD6}.Release|x64.Build.0 = Release|Any CPU
		{907A0E0E-53CD-4F53-BC2A-4E46B7467CD6}.Release|x86.ActiveCfg = Release|Any CPU
		{907A0E0E-53CD-4F53-BC2A-4E46B7467CD6}.Release|x86.Build.0 = Release|Any CPU
		{907A0E0E-53CD-4F53-BC2A-4E46B7467CD6}.SingleImage|Any CPU.ActiveCfg = Debug|Any CPU
		{907A0E0E-53CD-4F53-BC2A-4E46B7467CD6}.SingleImage|Any CPU.Build.0 = Debug|Any CPU
		{907A0E0E-53CD-4F53-BC2A-4E46B7467CD6}.SingleImage|x64.ActiveCfg = Debug|Any CPU
		{907A0E0E-53CD-4F53-BC2A-4E46B7467CD6}.SingleImage|x64.Build.0 = Debug|Any CPU
		{907A0E0E-53CD-4F53-BC2A-4E46B7467CD6}.SingleImage|x86.ActiveCfg = Debug|Any CPU
		{907A0E0E-53CD-4F53-BC2A-4E46B7467CD6}.SingleImage|x86.Build.0 = Debug|Any CPU
		{907A0E0E-53CD-4F53-BC2A-4E46B7467CD6}.STD_IMAGE|Any CPU.ActiveCfg = Release|Any CPU
		{907A0E0E-53CD-4F53-BC2A-4E46B7467CD6}.STD_IMAGE|Any CPU.Build.0 = Release|Any CPU
		{907A0E0E-53CD-4F53-BC2A-4E46B7467CD6}.STD_IMAGE|x64.ActiveCfg = Release|Any CPU
		{907A0E0E-53CD-4F53-BC2A-4E46B7467CD6}.STD_IMAGE|x64.Build.0 = Release|Any CPU
		{907A0E0E-53CD-4F53-BC2A-4E46B7467CD6}.STD_IMAGE|x86.ActiveCfg = Release|Any CPU
		{907A0E0E-53CD-4F53-BC2A-4E46B7467CD6}.STD_IMAGE|x86.Build.0 = Release|Any CPU
		{907A0E0E-53CD-4F53-BC2A-4E46B7467CD6}.TRAIL_ASYNC|Any CPU.ActiveCfg = Release|Any CPU
		{907A0E0E-53CD-4F53-BC2A-4E46B7467CD6}.TRAIL_ASYNC|Any CPU.Build.0 = Release|Any CPU
		{907A0E0E-53CD-4F53-BC2A-4E46B7467CD6}.TRAIL_ASYNC|x64.ActiveCfg = Release|Any CPU
		{907A0E0E-53CD-4F53-BC2A-4E46B7467CD6}.TRAIL_ASYNC|x64.Build.0 = Release|Any CPU
		{907A0E0E-53CD-4F53-BC2A-4E46B7467CD6}.TRAIL_ASYNC|x86.ActiveCfg = Release|Any CPU
		{907A0E0E-53CD-4F53-BC2A-4E46B7467CD6}.TRAIL_ASYNC|x86.Build.0 = Release|Any CPU
		{907A0E0E-53CD-4F53-BC2A-4E46B7467CD6}.TRAIL|Any CPU.ActiveCfg = Release|Any CPU
		{907A0E0E-53CD-4F53-BC2A-4E46B7467CD6}.TRAIL|Any CPU.Build.0 = Release|Any CPU
		{907A0E0E-53CD-4F53-BC2A-4E46B7467CD6}.TRAIL|x64.ActiveCfg = Release|Any CPU
		{907A0E0E-53CD-4F53-BC2A-4E46B7467CD6}.TRAIL|x64.Build.0 = Release|Any CPU
		{907A0E0E-53CD-4F53-BC2A-4E46B7467CD6}.TRAIL|x86.ActiveCfg = Release|Any CPU
		{907A0E0E-53CD-4F53-BC2A-4E46B7467CD6}.TRAIL|x86.Build.0 = Release|Any CPU
		{CA947A1E-0948-45E7-9871-A52D126CA7B4}.ASYNC|Any CPU.ActiveCfg = Release
		{CA947A1E-0948-45E7-9871-A52D126CA7B4}.ASYNC|x64.ActiveCfg = Release
		{CA947A1E-0948-45E7-9871-A52D126CA7B4}.ASYNC|x86.ActiveCfg = Release
		{CA947A1E-0948-45E7-9871-A52D126CA7B4}.CD_ROM|Any CPU.ActiveCfg = Release
		{CA947A1E-0948-45E7-9871-A52D126CA7B4}.CD_ROM|x64.ActiveCfg = Release
		{CA947A1E-0948-45E7-9871-A52D126CA7B4}.CD_ROM|x86.ActiveCfg = Release
		{CA947A1E-0948-45E7-9871-A52D126CA7B4}.Debug|Any CPU.ActiveCfg = Debug
		{CA947A1E-0948-45E7-9871-A52D126CA7B4}.Debug|x64.ActiveCfg = Debug
		{CA947A1E-0948-45E7-9871-A52D126CA7B4}.Debug|x86.ActiveCfg = Debug
		{CA947A1E-0948-45E7-9871-A52D126CA7B4}.DVD-5|Any CPU.ActiveCfg = Debug
		{CA947A1E-0948-45E7-9871-A52D126CA7B4}.DVD-5|x64.ActiveCfg = Debug
		{CA947A1E-0948-45E7-9871-A52D126CA7B4}.DVD-5|x86.ActiveCfg = Debug
		{CA947A1E-0948-45E7-9871-A52D126CA7B4}.GOLD|Any CPU.ActiveCfg = Release
		{CA947A1E-0948-45E7-9871-A52D126CA7B4}.GOLD|x64.ActiveCfg = Release
		{CA947A1E-0948-45E7-9871-A52D126CA7B4}.GOLD|x86.ActiveCfg = Release
		{CA947A1E-0948-45E7-9871-A52D126CA7B4}.Release|Any CPU.ActiveCfg = Release
		{CA947A1E-0948-45E7-9871-A52D126CA7B4}.Release|x64.ActiveCfg = Release
		{CA947A1E-0948-45E7-9871-A52D126CA7B4}.Release|x86.ActiveCfg = Release
		{CA947A1E-0948-45E7-9871-A52D126CA7B4}.SingleImage|Any CPU.ActiveCfg = Release
		{CA947A1E-0948-45E7-9871-A52D126CA7B4}.SingleImage|x64.ActiveCfg = Release
		{CA947A1E-0948-45E7-9871-A52D126CA7B4}.SingleImage|x86.ActiveCfg = Release
		{CA947A1E-0948-45E7-9871-A52D126CA7B4}.STD_IMAGE|Any CPU.ActiveCfg = Release
		{CA947A1E-0948-45E7-9871-A52D126CA7B4}.STD_IMAGE|x64.ActiveCfg = Release
		{CA947A1E-0948-45E7-9871-A52D126CA7B4}.STD_IMAGE|x86.ActiveCfg = Release
		{CA947A1E-0948-45E7-9871-A52D126CA7B4}.TRAIL_ASYNC|Any CPU.ActiveCfg = Release
		{CA947A1E-0948-45E7-9871-A52D126CA7B4}.TRAIL_ASYNC|x64.ActiveCfg = Release
		{CA947A1E-0948-45E7-9871-A52D126CA7B4}.TRAIL_ASYNC|x86.ActiveCfg = Release
		{CA947A1E-0948-45E7-9871-A52D126CA7B4}.TRAIL|Any CPU.ActiveCfg = Release
		{CA947A1E-0948-45E7-9871-A52D126CA7B4}.TRAIL|x64.ActiveCfg = Release
		{CA947A1E-0948-45E7-9871-A52D126CA7B4}.TRAIL|x86.ActiveCfg = Release
		{D41DBFE0-0BC9-4014-BB3F-FDDEB7471212}.ASYNC|Any CPU.ActiveCfg = Release|Any CPU
		{D41DBFE0-0BC9-4014-BB3F-FDDEB7471212}.ASYNC|Any CPU.Build.0 = Release|Any CPU
		{D41DBFE0-0BC9-4014-BB3F-FDDEB7471212}.ASYNC|x64.ActiveCfg = Release|Any CPU
		{D41DBFE0-0BC9-4014-BB3F-FDDEB7471212}.ASYNC|x64.Build.0 = Release|Any CPU
		{D41DBFE0-0BC9-4014-BB3F-FDDEB7471212}.ASYNC|x86.ActiveCfg = Release|Any CPU
		{D41DBFE0-0BC9-4014-BB3F-FDDEB7471212}.ASYNC|x86.Build.0 = Release|Any CPU
		{D41DBFE0-0BC9-4014-BB3F-FDDEB7471212}.CD_ROM|Any CPU.ActiveCfg = Release|Any CPU
		{D41DBFE0-0BC9-4014-BB3F-FDDEB7471212}.CD_ROM|Any CPU.Build.0 = Release|Any CPU
		{D41DBFE0-0BC9-4014-BB3F-FDDEB7471212}.CD_ROM|x64.ActiveCfg = Release|Any CPU
		{D41DBFE0-0BC9-4014-BB3F-FDDEB7471212}.CD_ROM|x64.Build.0 = Release|Any CPU
		{D41DBFE0-0BC9-4014-BB3F-FDDEB7471212}.CD_ROM|x86.ActiveCfg = Release|Any CPU
		{D41DBFE0-0BC9-4014-BB3F-FDDEB7471212}.CD_ROM|x86.Build.0 = Release|Any CPU
		{D41DBFE0-0BC9-4014-BB3F-FDDEB7471212}.Debug|Any CPU.ActiveCfg = Debug|Any CPU
		{D41DBFE0-0BC9-4014-BB3F-FDDEB7471212}.Debug|Any CPU.Build.0 = Debug|Any CPU
		{D41DBFE0-0BC9-4014-BB3F-FDDEB7471212}.Debug|x64.ActiveCfg = Debug|Any CPU
		{D41DBFE0-0BC9-4014-BB3F-FDDEB7471212}.Debug|x64.Build.0 = Debug|Any CPU
		{D41DBFE0-0BC9-4014-BB3F-FDDEB7471212}.Debug|x86.ActiveCfg = Debug|Any CPU
		{D41DBFE0-0BC9-4014-BB3F-FDDEB7471212}.Debug|x86.Build.0 = Debug|Any CPU
		{D41DBFE0-0BC9-4014-BB3F-FDDEB7471212}.DVD-5|Any CPU.ActiveCfg = Debug|Any CPU
		{D41DBFE0-0BC9-4014-BB3F-FDDEB7471212}.DVD-5|Any CPU.Build.0 = Debug|Any CPU
		{D41DBFE0-0BC9-4014-BB3F-FDDEB7471212}.DVD-5|x64.ActiveCfg = Debug|Any CPU
		{D41DBFE0-0BC9-4014-BB3F-FDDEB7471212}.DVD-5|x64.Build.0 = Debug|Any CPU
		{D41DBFE0-0BC9-4014-BB3F-FDDEB7471212}.DVD-5|x86.ActiveCfg = Debug|Any CPU
		{D41DBFE0-0BC9-4014-BB3F-FDDEB7471212}.DVD-5|x86.Build.0 = Debug|Any CPU
		{D41DBFE0-0BC9-4014-BB3F-FDDEB7471212}.GOLD|Any CPU.ActiveCfg = Release|Any CPU
		{D41DBFE0-0BC9-4014-BB3F-FDDEB7471212}.GOLD|Any CPU.Build.0 = Release|Any CPU
		{D41DBFE0-0BC9-4014-BB3F-FDDEB7471212}.GOLD|x64.ActiveCfg = Release|Any CPU
		{D41DBFE0-0BC9-4014-BB3F-FDDEB7471212}.GOLD|x64.Build.0 = Release|Any CPU
		{D41DBFE0-0BC9-4014-BB3F-FDDEB7471212}.GOLD|x86.ActiveCfg = Release|Any CPU
		{D41DBFE0-0BC9-4014-BB3F-FDDEB7471212}.GOLD|x86.Build.0 = Release|Any CPU
		{D41DBFE0-0BC9-4014-BB3F-FDDEB7471212}.Release|Any CPU.ActiveCfg = Release|Any CPU
		{D41DBFE0-0BC9-4014-BB3F-FDDEB7471212}.Release|Any CPU.Build.0 = Release|Any CPU
		{D41DBFE0-0BC9-4014-BB3F-FDDEB7471212}.Release|x64.ActiveCfg = Release|Any CPU
		{D41DBFE0-0BC9-4014-BB3F-FDDEB7471212}.Release|x64.Build.0 = Release|Any CPU
		{D41DBFE0-0BC9-4014-BB3F-FDDEB7471212}.Release|x86.ActiveCfg = Release|Any CPU
		{D41DBFE0-0BC9-4014-BB3F-FDDEB7471212}.Release|x86.Build.0 = Release|Any CPU
		{D41DBFE0-0BC9-4014-BB3F-FDDEB7471212}.SingleImage|Any CPU.ActiveCfg = Release|Any CPU
		{D41DBFE0-0BC9-4014-BB3F-FDDEB7471212}.SingleImage|Any CPU.Build.0 = Release|Any CPU
		{D41DBFE0-0BC9-4014-BB3F-FDDEB7471212}.SingleImage|x64.ActiveCfg = Release|Any CPU
		{D41DBFE0-0BC9-4014-BB3F-FDDEB7471212}.SingleImage|x64.Build.0 = Release|Any CPU
		{D41DBFE0-0BC9-4014-BB3F-FDDEB7471212}.SingleImage|x86.ActiveCfg = Release|Any CPU
		{D41DBFE0-0BC9-4014-BB3F-FDDEB7471212}.SingleImage|x86.Build.0 = Release|Any CPU
		{D41DBFE0-0BC9-4014-BB3F-FDDEB7471212}.STD_IMAGE|Any CPU.ActiveCfg = Release|Any CPU
		{D41DBFE0-0BC9-4014-BB3F-FDDEB7471212}.STD_IMAGE|Any CPU.Build.0 = Release|Any CPU
		{D41DBFE0-0BC9-4014-BB3F-FDDEB7471212}.STD_IMAGE|x64.ActiveCfg = Release|Any CPU
		{D41DBFE0-0BC9-4014-BB3F-FDDEB7471212}.STD_IMAGE|x64.Build.0 = Release|Any CPU
		{D41DBFE0-0BC9-4014-BB3F-FDDEB7471212}.STD_IMAGE|x86.ActiveCfg = Release|Any CPU
		{D41DBFE0-0BC9-4014-BB3F-FDDEB7471212}.STD_IMAGE|x86.Build.0 = Release|Any CPU
		{D41DBFE0-0BC9-4014-BB3F-FDDEB7471212}.TRAIL_ASYNC|Any CPU.ActiveCfg = Release|Any CPU
		{D41DBFE0-0BC9-4014-BB3F-FDDEB7471212}.TRAIL_ASYNC|Any CPU.Build.0 = Release|Any CPU
		{D41DBFE0-0BC9-4014-BB3F-FDDEB7471212}.TRAIL_ASYNC|x64.ActiveCfg = Release|Any CPU
		{D41DBFE0-0BC9-4014-BB3F-FDDEB7471212}.TRAIL_ASYNC|x64.Build.0 = Release|Any CPU
		{D41DBFE0-0BC9-4014-BB3F-FDDEB7471212}.TRAIL_ASYNC|x86.ActiveCfg = Release|Any CPU
		{D41DBFE0-0BC9-4014-BB3F-FDDEB7471212}.TRAIL_ASYNC|x86.Build.0 = Release|Any CPU
		{D41DBFE0-0BC9-4014-BB3F-FDDEB7471212}.TRAIL|Any CPU.ActiveCfg = Release|Any CPU
		{D41DBFE0-0BC9-4014-BB3F-FDDEB7471212}.TRAIL|Any CPU.Build.0 = Release|Any CPU
		{D41DBFE0-0BC9-4014-BB3F-FDDEB7471212}.TRAIL|x64.ActiveCfg = Release|Any CPU
		{D41DBFE0-0BC9-4014-BB3F-FDDEB7471212}.TRAIL|x64.Build.0 = Release|Any CPU
		{D41DBFE0-0BC9-4014-BB3F-FDDEB7471212}.TRAIL|x86.ActiveCfg = Release|Any CPU
		{D41DBFE0-0BC9-4014-BB3F-FDDEB7471212}.TRAIL|x86.Build.0 = Release|Any CPU
		{EA20B7C6-23B7-4415-9E09-FA254FB4A5A4}.ASYNC|Any CPU.ActiveCfg = Release|Any CPU
		{EA20B7C6-23B7-4415-9E09-FA254FB4A5A4}.ASYNC|Any CPU.Build.0 = Release|Any CPU
		{EA20B7C6-23B7-4415-9E09-FA254FB4A5A4}.ASYNC|x64.ActiveCfg = Release|Any CPU
		{EA20B7C6-23B7-4415-9E09-FA254FB4A5A4}.ASYNC|x64.Build.0 = Release|Any CPU
		{EA20B7C6-23B7-4415-9E09-FA254FB4A5A4}.ASYNC|x86.ActiveCfg = Release|Any CPU
		{EA20B7C6-23B7-4415-9E09-FA254FB4A5A4}.ASYNC|x86.Build.0 = Release|Any CPU
		{EA20B7C6-23B7-4415-9E09-FA254FB4A5A4}.CD_ROM|Any CPU.ActiveCfg = Release|Any CPU
		{EA20B7C6-23B7-4415-9E09-FA254FB4A5A4}.CD_ROM|Any CPU.Build.0 = Release|Any CPU
		{EA20B7C6-23B7-4415-9E09-FA254FB4A5A4}.CD_ROM|x64.ActiveCfg = Release|Any CPU
		{EA20B7C6-23B7-4415-9E09-FA254FB4A5A4}.CD_ROM|x64.Build.0 = Release|Any CPU
		{EA20B7C6-23B7-4415-9E09-FA254FB4A5A4}.CD_ROM|x86.ActiveCfg = Release|Any CPU
		{EA20B7C6-23B7-4415-9E09-FA254FB4A5A4}.CD_ROM|x86.Build.0 = Release|Any CPU
		{EA20B7C6-23B7-4415-9E09-FA254FB4A5A4}.Debug|Any CPU.ActiveCfg = Debug|Any CPU
		{EA20B7C6-23B7-4415-9E09-FA254FB4A5A4}.Debug|Any CPU.Build.0 = Debug|Any CPU
		{EA20B7C6-23B7-4415-9E09-FA254FB4A5A4}.Debug|x64.ActiveCfg = Debug|Any CPU
		{EA20B7C6-23B7-4415-9E09-FA254FB4A5A4}.Debug|x64.Build.0 = Debug|Any CPU
		{EA20B7C6-23B7-4415-9E09-FA254FB4A5A4}.Debug|x86.ActiveCfg = Debug|Any CPU
		{EA20B7C6-23B7-4415-9E09-FA254FB4A5A4}.Debug|x86.Build.0 = Debug|Any CPU
		{EA20B7C6-23B7-4415-9E09-FA254FB4A5A4}.DVD-5|Any CPU.ActiveCfg = Debug|Any CPU
		{EA20B7C6-23B7-4415-9E09-FA254FB4A5A4}.DVD-5|Any CPU.Build.0 = Debug|Any CPU
		{EA20B7C6-23B7-4415-9E09-FA254FB4A5A4}.DVD-5|x64.ActiveCfg = Debug|Any CPU
		{EA20B7C6-23B7-4415-9E09-FA254FB4A5A4}.DVD-5|x64.Build.0 = Debug|Any CPU
		{EA20B7C6-23B7-4415-9E09-FA254FB4A5A4}.DVD-5|x86.ActiveCfg = Debug|Any CPU
		{EA20B7C6-23B7-4415-9E09-FA254FB4A5A4}.DVD-5|x86.Build.0 = Debug|Any CPU
		{EA20B7C6-23B7-4415-9E09-FA254FB4A5A4}.GOLD|Any CPU.ActiveCfg = Release|Any CPU
		{EA20B7C6-23B7-4415-9E09-FA254FB4A5A4}.GOLD|Any CPU.Build.0 = Release|Any CPU
		{EA20B7C6-23B7-4415-9E09-FA254FB4A5A4}.GOLD|x64.ActiveCfg = Release|Any CPU
		{EA20B7C6-23B7-4415-9E09-FA254FB4A5A4}.GOLD|x64.Build.0 = Release|Any CPU
		{EA20B7C6-23B7-4415-9E09-FA254FB4A5A4}.GOLD|x86.ActiveCfg = Release|Any CPU
		{EA20B7C6-23B7-4415-9E09-FA254FB4A5A4}.GOLD|x86.Build.0 = Release|Any CPU
		{EA20B7C6-23B7-4415-9E09-FA254FB4A5A4}.Release|Any CPU.ActiveCfg = Release|Any CPU
		{EA20B7C6-23B7-4415-9E09-FA254FB4A5A4}.Release|Any CPU.Build.0 = Release|Any CPU
		{EA20B7C6-23B7-4415-9E09-FA254FB4A5A4}.Release|x64.ActiveCfg = Release|Any CPU
		{EA20B7C6-23B7-4415-9E09-FA254FB4A5A4}.Release|x64.Build.0 = Release|Any CPU
		{EA20B7C6-23B7-4415-9E09-FA254FB4A5A4}.Release|x86.ActiveCfg = Release|Any CPU
		{EA20B7C6-23B7-4415-9E09-FA254FB4A5A4}.Release|x86.Build.0 = Release|Any CPU
		{EA20B7C6-23B7-4415-9E09-FA254FB4A5A4}.SingleImage|Any CPU.ActiveCfg = Release|Any CPU
		{EA20B7C6-23B7-4415-9E09-FA254FB4A5A4}.SingleImage|Any CPU.Build.0 = Release|Any CPU
		{EA20B7C6-23B7-4415-9E09-FA254FB4A5A4}.SingleImage|x64.ActiveCfg = Release|Any CPU
		{EA20B7C6-23B7-4415-9E09-FA254FB4A5A4}.SingleImage|x64.Build.0 = Release|Any CPU
		{EA20B7C6-23B7-4415-9E09-FA254FB4A5A4}.SingleImage|x86.ActiveCfg = Release|Any CPU
		{EA20B7C6-23B7-4415-9E09-FA254FB4A5A4}.SingleImage|x86.Build.0 = Release|Any CPU
		{EA20B7C6-23B7-4415-9E09-FA254FB4A5A4}.STD_IMAGE|Any CPU.ActiveCfg = Release|Any CPU
		{EA20B7C6-23B7-4415-9E09-FA254FB4A5A4}.STD_IMAGE|Any CPU.Build.0 = Release|Any CPU
		{EA20B7C6-23B7-4415-9E09-FA254FB4A5A4}.STD_IMAGE|x64.ActiveCfg = Release|Any CPU
		{EA20B7C6-23B7-4415-9E09-FA254FB4A5A4}.STD_IMAGE|x64.Build.0 = Release|Any CPU
		{EA20B7C6-23B7-4415-9E09-FA254FB4A5A4}.STD_IMAGE|x86.ActiveCfg = Release|Any CPU
		{EA20B7C6-23B7-4415-9E09-FA254FB4A5A4}.STD_IMAGE|x86.Build.0 = Release|Any CPU
		{EA20B7C6-23B7-4415-9E09-FA254FB4A5A4}.TRAIL_ASYNC|Any CPU.ActiveCfg = Release|Any CPU
		{EA20B7C6-23B7-4415-9E09-FA254FB4A5A4}.TRAIL_ASYNC|Any CPU.Build.0 = Release|Any CPU
		{EA20B7C6-23B7-4415-9E09-FA254FB4A5A4}.TRAIL_ASYNC|x64.ActiveCfg = Release|Any CPU
		{EA20B7C6-23B7-4415-9E09-FA254FB4A5A4}.TRAIL_ASYNC|x64.Build.0 = Release|Any CPU
		{EA20B7C6-23B7-4415-9E09-FA254FB4A5A4}.TRAIL_ASYNC|x86.ActiveCfg = Release|Any CPU
		{EA20B7C6-23B7-4415-9E09-FA254FB4A5A4}.TRAIL_ASYNC|x86.Build.0 = Release|Any CPU
		{EA20B7C6-23B7-4415-9E09-FA254FB4A5A4}.TRAIL|Any CPU.ActiveCfg = Release|Any CPU
		{EA20B7C6-23B7-4415-9E09-FA254FB4A5A4}.TRAIL|Any CPU.Build.0 = Release|Any CPU
		{EA20B7C6-23B7-4415-9E09-FA254FB4A5A4}.TRAIL|x64.ActiveCfg = Release|Any CPU
		{EA20B7C6-23B7-4415-9E09-FA254FB4A5A4}.TRAIL|x64.Build.0 = Release|Any CPU
		{EA20B7C6-23B7-4415-9E09-FA254FB4A5A4}.TRAIL|x86.ActiveCfg = Release|Any CPU
		{EA20B7C6-23B7-4415-9E09-FA254FB4A5A4}.TRAIL|x86.Build.0 = Release|Any CPU
		{A343F9BB-558D-46BB-B69F-2D7366013982}.ASYNC|Any CPU.ActiveCfg = Release|Any CPU
		{A343F9BB-558D-46BB-B69F-2D7366013982}.ASYNC|Any CPU.Build.0 = Release|Any CPU
		{A343F9BB-558D-46BB-B69F-2D7366013982}.ASYNC|x64.ActiveCfg = Release|Any CPU
		{A343F9BB-558D-46BB-B69F-2D7366013982}.ASYNC|x64.Build.0 = Release|Any CPU
		{A343F9BB-558D-46BB-B69F-2D7366013982}.ASYNC|x86.ActiveCfg = Release|Any CPU
		{A343F9BB-558D-46BB-B69F-2D7366013982}.ASYNC|x86.Build.0 = Release|Any CPU
		{A343F9BB-558D-46BB-B69F-2D7366013982}.CD_ROM|Any CPU.ActiveCfg = Release|Any CPU
		{A343F9BB-558D-46BB-B69F-2D7366013982}.CD_ROM|Any CPU.Build.0 = Release|Any CPU
		{A343F9BB-558D-46BB-B69F-2D7366013982}.CD_ROM|x64.ActiveCfg = Release|Any CPU
		{A343F9BB-558D-46BB-B69F-2D7366013982}.CD_ROM|x64.Build.0 = Release|Any CPU
		{A343F9BB-558D-46BB-B69F-2D7366013982}.CD_ROM|x86.ActiveCfg = Release|Any CPU
		{A343F9BB-558D-46BB-B69F-2D7366013982}.CD_ROM|x86.Build.0 = Release|Any CPU
		{A343F9BB-558D-46BB-B69F-2D7366013982}.Debug|Any CPU.ActiveCfg = Debug|Any CPU
		{A343F9BB-558D-46BB-B69F-2D7366013982}.Debug|Any CPU.Build.0 = Debug|Any CPU
		{A343F9BB-558D-46BB-B69F-2D7366013982}.Debug|x64.ActiveCfg = Debug|Any CPU
		{A343F9BB-558D-46BB-B69F-2D7366013982}.Debug|x64.Build.0 = Debug|Any CPU
		{A343F9BB-558D-46BB-B69F-2D7366013982}.Debug|x86.ActiveCfg = Debug|Any CPU
		{A343F9BB-558D-46BB-B69F-2D7366013982}.Debug|x86.Build.0 = Debug|Any CPU
		{A343F9BB-558D-46BB-B69F-2D7366013982}.DVD-5|Any CPU.ActiveCfg = Debug|Any CPU
		{A343F9BB-558D-46BB-B69F-2D7366013982}.DVD-5|Any CPU.Build.0 = Debug|Any CPU
		{A343F9BB-558D-46BB-B69F-2D7366013982}.DVD-5|x64.ActiveCfg = Debug|Any CPU
		{A343F9BB-558D-46BB-B69F-2D7366013982}.DVD-5|x64.Build.0 = Debug|Any CPU
		{A343F9BB-558D-46BB-B69F-2D7366013982}.DVD-5|x86.ActiveCfg = Debug|Any CPU
		{A343F9BB-558D-46BB-B69F-2D7366013982}.DVD-5|x86.Build.0 = Debug|Any CPU
		{A343F9BB-558D-46BB-B69F-2D7366013982}.GOLD|Any CPU.ActiveCfg = Release|Any CPU
		{A343F9BB-558D-46BB-B69F-2D7366013982}.GOLD|Any CPU.Build.0 = Release|Any CPU
		{A343F9BB-558D-46BB-B69F-2D7366013982}.GOLD|x64.ActiveCfg = Release|Any CPU
		{A343F9BB-558D-46BB-B69F-2D7366013982}.GOLD|x64.Build.0 = Release|Any CPU
		{A343F9BB-558D-46BB-B69F-2D7366013982}.GOLD|x86.ActiveCfg = Release|Any CPU
		{A343F9BB-558D-46BB-B69F-2D7366013982}.GOLD|x86.Build.0 = Release|Any CPU
		{A343F9BB-558D-46BB-B69F-2D7366013982}.Release|Any CPU.ActiveCfg = Release|Any CPU
		{A343F9BB-558D-46BB-B69F-2D7366013982}.Release|Any CPU.Build.0 = Release|Any CPU
		{A343F9BB-558D-46BB-B69F-2D7366013982}.Release|x64.ActiveCfg = Release|Any CPU
		{A343F9BB-558D-46BB-B69F-2D7366013982}.Release|x64.Build.0 = Release|Any CPU
		{A343F9BB-558D-46BB-B69F-2D7366013982}.Release|x86.ActiveCfg = Release|Any CPU
		{A343F9BB-558D-46BB-B69F-2D7366013982}.Release|x86.Build.0 = Release|Any CPU
		{A343F9BB-558D-46BB-B69F-2D7366013982}.SingleImage|Any CPU.ActiveCfg = Release|Any CPU
		{A343F9BB-558D-46BB-B69F-2D7366013982}.SingleImage|Any CPU.Build.0 = Release|Any CPU
		{A343F9BB-558D-46BB-B69F-2D7366013982}.SingleImage|x64.ActiveCfg = Release|Any CPU
		{A343F9BB-558D-46BB-B69F-2D7366013982}.SingleImage|x64.Build.0 = Release|Any CPU
		{A343F9BB-558D-46BB-B69F-2D7366013982}.SingleImage|x86.ActiveCfg = Release|Any CPU
		{A343F9BB-558D-46BB-B69F-2D7366013982}.SingleImage|x86.Build.0 = Release|Any CPU
		{A343F9BB-558D-46BB-B69F-2D7366013982}.STD_IMAGE|Any CPU.ActiveCfg = Release|Any CPU
		{A343F9BB-558D-46BB-B69F-2D7366013982}.STD_IMAGE|Any CPU.Build.0 = Release|Any CPU
		{A343F9BB-558D-46BB-B69F-2D7366013982}.STD_IMAGE|x64.ActiveCfg = Release|Any CPU
		{A343F9BB-558D-46BB-B69F-2D7366013982}.STD_IMAGE|x64.Build.0 = Release|Any CPU
		{A343F9BB-558D-46BB-B69F-2D7366013982}.STD_IMAGE|x86.ActiveCfg = Release|Any CPU
		{A343F9BB-558D-46BB-B69F-2D7366013982}.STD_IMAGE|x86.Build.0 = Release|Any CPU
		{A343F9BB-558D-46BB-B69F-2D7366013982}.TRAIL_ASYNC|Any CPU.ActiveCfg = Release|Any CPU
		{A343F9BB-558D-46BB-B69F-2D7366013982}.TRAIL_ASYNC|Any CPU.Build.0 = Release|Any CPU
		{A343F9BB-558D-46BB-B69F-2D7366013982}.TRAIL_ASYNC|x64.ActiveCfg = Release|Any CPU
		{A343F9BB-558D-46BB-B69F-2D7366013982}.TRAIL_ASYNC|x64.Build.0 = Release|Any CPU
		{A343F9BB-558D-46BB-B69F-2D7366013982}.TRAIL_ASYNC|x86.ActiveCfg = Release|Any CPU
		{A343F9BB-558D-46BB-B69F-2D7366013982}.TRAIL_ASYNC|x86.Build.0 = Release|Any CPU
		{A343F9BB-558D-46BB-B69F-2D7366013982}.TRAIL|Any CPU.ActiveCfg = Release|Any CPU
		{A343F9BB-558D-46BB-B69F-2D7366013982}.TRAIL|Any CPU.Build.0 = Release|Any CPU
		{A343F9BB-558D-46BB-B69F-2D7366013982}.TRAIL|x64.ActiveCfg = Release|Any CPU
		{A343F9BB-558D-46BB-B69F-2D7366013982}.TRAIL|x64.Build.0 = Release|Any CPU
		{A343F9BB-558D-46BB-B69F-2D7366013982}.TRAIL|x86.ActiveCfg = Release|Any CPU
		{A343F9BB-558D-46BB-B69F-2D7366013982}.TRAIL|x86.Build.0 = Release|Any CPU
		{7EE78B3E-6FBE-4617-9B9A-F17766E49E4F}.ASYNC|Any CPU.ActiveCfg = Release|Any CPU
		{7EE78B3E-6FBE-4617-9B9A-F17766E49E4F}.ASYNC|Any CPU.Build.0 = Release|Any CPU
		{7EE78B3E-6FBE-4617-9B9A-F17766E49E4F}.ASYNC|x64.ActiveCfg = Release|Any CPU
		{7EE78B3E-6FBE-4617-9B9A-F17766E49E4F}.ASYNC|x64.Build.0 = Release|Any CPU
		{7EE78B3E-6FBE-4617-9B9A-F17766E49E4F}.ASYNC|x86.ActiveCfg = Release|Any CPU
		{7EE78B3E-6FBE-4617-9B9A-F17766E49E4F}.ASYNC|x86.Build.0 = Release|Any CPU
		{7EE78B3E-6FBE-4617-9B9A-F17766E49E4F}.CD_ROM|Any CPU.ActiveCfg = Release|Any CPU
		{7EE78B3E-6FBE-4617-9B9A-F17766E49E4F}.CD_ROM|Any CPU.Build.0 = Release|Any CPU
		{7EE78B3E-6FBE-4617-9B9A-F17766E49E4F}.CD_ROM|x64.ActiveCfg = Release|Any CPU
		{7EE78B3E-6FBE-4617-9B9A-F17766E49E4F}.CD_ROM|x64.Build.0 = Release|Any CPU
		{7EE78B3E-6FBE-4617-9B9A-F17766E49E4F}.CD_ROM|x86.ActiveCfg = Release|Any CPU
		{7EE78B3E-6FBE-4617-9B9A-F17766E49E4F}.CD_ROM|x86.Build.0 = Release|Any CPU
		{7EE78B3E-6FBE-4617-9B9A-F17766E49E4F}.Debug|Any CPU.ActiveCfg = Debug|Any CPU
		{7EE78B3E-6FBE-4617-9B9A-F17766E49E4F}.Debug|Any CPU.Build.0 = Debug|Any CPU
		{7EE78B3E-6FBE-4617-9B9A-F17766E49E4F}.Debug|x64.ActiveCfg = Debug|Any CPU
		{7EE78B3E-6FBE-4617-9B9A-F17766E49E4F}.Debug|x64.Build.0 = Debug|Any CPU
		{7EE78B3E-6FBE-4617-9B9A-F17766E49E4F}.Debug|x86.ActiveCfg = Debug|Any CPU
		{7EE78B3E-6FBE-4617-9B9A-F17766E49E4F}.Debug|x86.Build.0 = Debug|Any CPU
		{7EE78B3E-6FBE-4617-9B9A-F17766E49E4F}.DVD-5|Any CPU.ActiveCfg = Debug|Any CPU
		{7EE78B3E-6FBE-4617-9B9A-F17766E49E4F}.DVD-5|Any CPU.Build.0 = Debug|Any CPU
		{7EE78B3E-6FBE-4617-9B9A-F17766E49E4F}.DVD-5|x64.ActiveCfg = Debug|Any CPU
		{7EE78B3E-6FBE-4617-9B9A-F17766E49E4F}.DVD-5|x64.Build.0 = Debug|Any CPU
		{7EE78B3E-6FBE-4617-9B9A-F17766E49E4F}.DVD-5|x86.ActiveCfg = Debug|Any CPU
		{7EE78B3E-6FBE-4617-9B9A-F17766E49E4F}.DVD-5|x86.Build.0 = Debug|Any CPU
		{7EE78B3E-6FBE-4617-9B9A-F17766E49E4F}.GOLD|Any CPU.ActiveCfg = Release|Any CPU
		{7EE78B3E-6FBE-4617-9B9A-F17766E49E4F}.GOLD|Any CPU.Build.0 = Release|Any CPU
		{7EE78B3E-6FBE-4617-9B9A-F17766E49E4F}.GOLD|x64.ActiveCfg = Release|Any CPU
		{7EE78B3E-6FBE-4617-9B9A-F17766E49E4F}.GOLD|x64.Build.0 = Release|Any CPU
		{7EE78B3E-6FBE-4617-9B9A-F17766E49E4F}.GOLD|x86.ActiveCfg = Release|Any CPU
		{7EE78B3E-6FBE-4617-9B9A-F17766E49E4F}.GOLD|x86.Build.0 = Release|Any CPU
		{7EE78B3E-6FBE-4617-9B9A-F17766E49E4F}.Release|Any CPU.ActiveCfg = Release|Any CPU
		{7EE78B3E-6FBE-4617-9B9A-F17766E49E4F}.Release|Any CPU.Build.0 = Release|Any CPU
		{7EE78B3E-6FBE-4617-9B9A-F17766E49E4F}.Release|x64.ActiveCfg = Release|Any CPU
		{7EE78B3E-6FBE-4617-9B9A-F17766E49E4F}.Release|x64.Build.0 = Release|Any CPU
		{7EE78B3E-6FBE-4617-9B9A-F17766E49E4F}.Release|x86.ActiveCfg = Release|Any CPU
		{7EE78B3E-6FBE-4617-9B9A-F17766E49E4F}.Release|x86.Build.0 = Release|Any CPU
		{7EE78B3E-6FBE-4617-9B9A-F17766E49E4F}.SingleImage|Any CPU.ActiveCfg = Release|Any CPU
		{7EE78B3E-6FBE-4617-9B9A-F17766E49E4F}.SingleImage|Any CPU.Build.0 = Release|Any CPU
		{7EE78B3E-6FBE-4617-9B9A-F17766E49E4F}.SingleImage|x64.ActiveCfg = Release|Any CPU
		{7EE78B3E-6FBE-4617-9B9A-F17766E49E4F}.SingleImage|x64.Build.0 = Release|Any CPU
		{7EE78B3E-6FBE-4617-9B9A-F17766E49E4F}.SingleImage|x86.ActiveCfg = Release|Any CPU
		{7EE78B3E-6FBE-4617-9B9A-F17766E49E4F}.SingleImage|x86.Build.0 = Release|Any CPU
		{7EE78B3E-6FBE-4617-9B9A-F17766E49E4F}.STD_IMAGE|Any CPU.ActiveCfg = Release|Any CPU
		{7EE78B3E-6FBE-4617-9B9A-F17766E49E4F}.STD_IMAGE|Any CPU.Build.0 = Release|Any CPU
		{7EE78B3E-6FBE-4617-9B9A-F17766E49E4F}.STD_IMAGE|x64.ActiveCfg = Release|Any CPU
		{7EE78B3E-6FBE-4617-9B9A-F17766E49E4F}.STD_IMAGE|x64.Build.0 = Release|Any CPU
		{7EE78B3E-6FBE-4617-9B9A-F17766E49E4F}.STD_IMAGE|x86.ActiveCfg = Release|Any CPU
		{7EE78B3E-6FBE-4617-9B9A-F17766E49E4F}.STD_IMAGE|x86.Build.0 = Release|Any CPU
		{7EE78B3E-6FBE-4617-9B9A-F17766E49E4F}.TRAIL_ASYNC|Any CPU.ActiveCfg = Release|Any CPU
		{7EE78B3E-6FBE-4617-9B9A-F17766E49E4F}.TRAIL_ASYNC|Any CPU.Build.0 = Release|Any CPU
		{7EE78B3E-6FBE-4617-9B9A-F17766E49E4F}.TRAIL_ASYNC|x64.ActiveCfg = Release|Any CPU
		{7EE78B3E-6FBE-4617-9B9A-F17766E49E4F}.TRAIL_ASYNC|x64.Build.0 = Release|Any CPU
		{7EE78B3E-6FBE-4617-9B9A-F17766E49E4F}.TRAIL_ASYNC|x86.ActiveCfg = Release|Any CPU
		{7EE78B3E-6FBE-4617-9B9A-F17766E49E4F}.TRAIL_ASYNC|x86.Build.0 = Release|Any CPU
		{7EE78B3E-6FBE-4617-9B9A-F17766E49E4F}.TRAIL|Any CPU.ActiveCfg = Release|Any CPU
		{7EE78B3E-6FBE-4617-9B9A-F17766E49E4F}.TRAIL|Any CPU.Build.0 = Release|Any CPU
		{7EE78B3E-6FBE-4617-9B9A-F17766E49E4F}.TRAIL|x64.ActiveCfg = Release|Any CPU
		{7EE78B3E-6FBE-4617-9B9A-F17766E49E4F}.TRAIL|x64.Build.0 = Release|Any CPU
		{7EE78B3E-6FBE-4617-9B9A-F17766E49E4F}.TRAIL|x86.ActiveCfg = Release|Any CPU
		{7EE78B3E-6FBE-4617-9B9A-F17766E49E4F}.TRAIL|x86.Build.0 = Release|Any CPU
	EndGlobalSection
	GlobalSection(SolutionProperties) = preSolution
		HideSolutionNode = FALSE
	EndGlobalSection
	GlobalSection(ExtensibilityGlobals) = postSolution
		SolutionGuid = {278D056A-BBDE-4895-96BC-2E476EA9E9C7}
	EndGlobalSection
EndGlobal
